// !$*UTF8*$!
{
	archiveVersion = 1;
	classes = {
	};
	objectVersion = 56;
	objects = {

/* Begin PBXBuildFile section */
		C94B8C4B2A9A21D1008D3033 /* CommentsUIIntegrationTests.swift in Sources */ = {isa = PBXBuildFile; fileRef = C94B8C4A2A9A21D1008D3033 /* CommentsUIIntegrationTests.swift */; };
		C94B8C4D2A9A23CC008D3033 /* CommentsUIComposer.swift in Sources */ = {isa = PBXBuildFile; fileRef = C94B8C4C2A9A23CC008D3033 /* CommentsUIComposer.swift */; };
		C95617AE2A82BF8B00CE9B7F /* UIView+TestHelpers.swift in Sources */ = {isa = PBXBuildFile; fileRef = C95617AD2A82BF8B00CE9B7F /* UIView+TestHelpers.swift */; };
		C96209362A797B8A00809D51 /* XCTestCase+MemoryLeakTracking.swift in Sources */ = {isa = PBXBuildFile; fileRef = C96209352A797B8A00809D51 /* XCTestCase+MemoryLeakTracking.swift */; };
		C96209382A797BEC00809D51 /* SharedTestHelpers.swift in Sources */ = {isa = PBXBuildFile; fileRef = C96209372A797BEC00809D51 /* SharedTestHelpers.swift */; };
		C97C29282A87C8C200CBCAA9 /* CombineHelpers.swift in Sources */ = {isa = PBXBuildFile; fileRef = C97C29272A87C8C200CBCAA9 /* CombineHelpers.swift */; };
		C98BA8F42A7F9A48007DACB8 /* SceneDelegateTests.swift in Sources */ = {isa = PBXBuildFile; fileRef = C98BA8F32A7F9A48007DACB8 /* SceneDelegateTests.swift */; };
		C98BA8F82A7F9C5C007DACB8 /* LoadResourcePresentationAdapter.swift in Sources */ = {isa = PBXBuildFile; fileRef = C98BA8F72A7F9C5C007DACB8 /* LoadResourcePresentationAdapter.swift */; };
		C98BA8FA2A7F9C63007DACB8 /* FeedUIComposer.swift in Sources */ = {isa = PBXBuildFile; fileRef = C98BA8F92A7F9C63007DACB8 /* FeedUIComposer.swift */; };
		C98BA8FC2A7F9C6B007DACB8 /* FeedViewAdapter.swift in Sources */ = {isa = PBXBuildFile; fileRef = C98BA8FB2A7F9C6B007DACB8 /* FeedViewAdapter.swift */; };
		C98BA9002A7F9CFB007DACB8 /* WeakRefVirtualProxy.swift in Sources */ = {isa = PBXBuildFile; fileRef = C98BA8FF2A7F9CFB007DACB8 /* WeakRefVirtualProxy.swift */; };
		C98BA9022A7F9D21007DACB8 /* FeedUIIntegrationTests.swift in Sources */ = {isa = PBXBuildFile; fileRef = C98BA9012A7F9D21007DACB8 /* FeedUIIntegrationTests.swift */; };
		C98BA90C2A7F9D4A007DACB8 /* FeedUIIntegrationTests+LoaderSpy.swift in Sources */ = {isa = PBXBuildFile; fileRef = C98BA90A2A7F9D49007DACB8 /* FeedUIIntegrationTests+LoaderSpy.swift */; };
		C98BA90D2A7F9D4A007DACB8 /* UIRefreshControl+TestHelpers.swift in Sources */ = {isa = PBXBuildFile; fileRef = C98BA9052A7F9D49007DACB8 /* UIRefreshControl+TestHelpers.swift */; };
		C98BA90E2A7F9D4A007DACB8 /* UIImage+TestHelpers.swift in Sources */ = {isa = PBXBuildFile; fileRef = C98BA9032A7F9D48007DACB8 /* UIImage+TestHelpers.swift */; };
		C98BA90F2A7F9D4A007DACB8 /* UIButton+TestHelpers.swift in Sources */ = {isa = PBXBuildFile; fileRef = C98BA9062A7F9D49007DACB8 /* UIButton+TestHelpers.swift */; };
		C98BA9102A7F9D4A007DACB8 /* FeedImageCell+TestHelpers.swift in Sources */ = {isa = PBXBuildFile; fileRef = C98BA9092A7F9D49007DACB8 /* FeedImageCell+TestHelpers.swift */; };
		C98BA9112A7F9D4A007DACB8 /* ListViewController+TestHelpers.swift in Sources */ = {isa = PBXBuildFile; fileRef = C98BA9042A7F9D48007DACB8 /* ListViewController+TestHelpers.swift */; };
		C98BA9122A7F9D4A007DACB8 /* FeedUIIntegrationTests+Assertions.swift in Sources */ = {isa = PBXBuildFile; fileRef = C98BA9082A7F9D49007DACB8 /* FeedUIIntegrationTests+Assertions.swift */; };
		C98BA9132A7F9D4A007DACB8 /* UIControl+TestHelpers.swift in Sources */ = {isa = PBXBuildFile; fileRef = C98BA90B2A7F9D49007DACB8 /* UIControl+TestHelpers.swift */; };
		C98BA9162A7FA6EF007DACB8 /* FeedAcceptanceTests.swift in Sources */ = {isa = PBXBuildFile; fileRef = C98BA9152A7FA6EF007DACB8 /* FeedAcceptanceTests.swift */; };
		C98BA9182A7FB257007DACB8 /* HTTPClientStub.swift in Sources */ = {isa = PBXBuildFile; fileRef = C98BA9172A7FB257007DACB8 /* HTTPClientStub.swift */; };
		C98BA91A2A7FB2A6007DACB8 /* InMemoryFeedStore.swift in Sources */ = {isa = PBXBuildFile; fileRef = C98BA9192A7FB2A6007DACB8 /* InMemoryFeedStore.swift */; };
		C9E4EF522AA4A75C00BC4F96 /* NullStore.swift in Sources */ = {isa = PBXBuildFile; fileRef = C9E4EF512AA4A75C00BC4F96 /* NullStore.swift */; };
		C9EEAADA2A768F11001FB6C8 /* AppDelegate.swift in Sources */ = {isa = PBXBuildFile; fileRef = C9EEAAD92A768F11001FB6C8 /* AppDelegate.swift */; };
		C9EEAADC2A768F11001FB6C8 /* SceneDelegate.swift in Sources */ = {isa = PBXBuildFile; fileRef = C9EEAADB2A768F11001FB6C8 /* SceneDelegate.swift */; };
		C9EEAADE2A768F11001FB6C8 /* ViewController.swift in Sources */ = {isa = PBXBuildFile; fileRef = C9EEAADD2A768F11001FB6C8 /* ViewController.swift */; };
		C9EEAAE32A768F13001FB6C8 /* Assets.xcassets in Resources */ = {isa = PBXBuildFile; fileRef = C9EEAAE22A768F13001FB6C8 /* Assets.xcassets */; };
		C9EEAAE62A768F13001FB6C8 /* LaunchScreen.storyboard in Resources */ = {isa = PBXBuildFile; fileRef = C9EEAAE42A768F13001FB6C8 /* LaunchScreen.storyboard */; };
		C9EEAAF02A768FC8001FB6C8 /* EssentialFeed.framework in Frameworks */ = {isa = PBXBuildFile; fileRef = C9EEAAEE2A768FC8001FB6C8 /* EssentialFeed.framework */; };
		C9EEAAF12A768FC8001FB6C8 /* EssentialFeed.framework in Embed Frameworks */ = {isa = PBXBuildFile; fileRef = C9EEAAEE2A768FC8001FB6C8 /* EssentialFeed.framework */; settings = {ATTRIBUTES = (CodeSignOnCopy, RemoveHeadersOnCopy, ); }; };
		C9EEAAF22A768FC8001FB6C8 /* EssentialFeediOS.framework in Frameworks */ = {isa = PBXBuildFile; fileRef = C9EEAAEF2A768FC8001FB6C8 /* EssentialFeediOS.framework */; };
		C9EEAAF32A768FC8001FB6C8 /* EssentialFeediOS.framework in Embed Frameworks */ = {isa = PBXBuildFile; fileRef = C9EEAAEF2A768FC8001FB6C8 /* EssentialFeediOS.framework */; settings = {ATTRIBUTES = (CodeSignOnCopy, RemoveHeadersOnCopy, ); }; };
		C9EFECDD2A7CC14F00D5AB5E /* TestPlans in Resources */ = {isa = PBXBuildFile; fileRef = C9EFECDC2A7CC14F00D5AB5E /* TestPlans */; };
/* End PBXBuildFile section */

/* Begin PBXContainerItemProxy section */
		C96209272A79564C00809D51 /* PBXContainerItemProxy */ = {
			isa = PBXContainerItemProxy;
			containerPortal = C9EEAACE2A768F11001FB6C8 /* Project object */;
			proxyType = 1;
			remoteGlobalIDString = C9EEAAD52A768F11001FB6C8;
			remoteInfo = EssentialApp;
		};
/* End PBXContainerItemProxy section */

/* Begin PBXCopyFilesBuildPhase section */
		C9EEAAF42A768FC8001FB6C8 /* Embed Frameworks */ = {
			isa = PBXCopyFilesBuildPhase;
			buildActionMask = 2147483647;
			dstPath = "";
			dstSubfolderSpec = 10;
			files = (
				C9EEAAF12A768FC8001FB6C8 /* EssentialFeed.framework in Embed Frameworks */,
				C9EEAAF32A768FC8001FB6C8 /* EssentialFeediOS.framework in Embed Frameworks */,
			);
			name = "Embed Frameworks";
			runOnlyForDeploymentPostprocessing = 0;
		};
/* End PBXCopyFilesBuildPhase section */

/* Begin PBXFileReference section */
		C94B8C4A2A9A21D1008D3033 /* CommentsUIIntegrationTests.swift */ = {isa = PBXFileReference; lastKnownFileType = sourcecode.swift; path = CommentsUIIntegrationTests.swift; sourceTree = "<group>"; };
		C94B8C4C2A9A23CC008D3033 /* CommentsUIComposer.swift */ = {isa = PBXFileReference; lastKnownFileType = sourcecode.swift; path = CommentsUIComposer.swift; sourceTree = "<group>"; };
		C95617AD2A82BF8B00CE9B7F /* UIView+TestHelpers.swift */ = {isa = PBXFileReference; lastKnownFileType = sourcecode.swift; path = "UIView+TestHelpers.swift"; sourceTree = "<group>"; };
		C96209232A79564C00809D51 /* EssentialAppTests.xctest */ = {isa = PBXFileReference; explicitFileType = wrapper.cfbundle; includeInIndex = 0; path = EssentialAppTests.xctest; sourceTree = BUILT_PRODUCTS_DIR; };
		C96209352A797B8A00809D51 /* XCTestCase+MemoryLeakTracking.swift */ = {isa = PBXFileReference; lastKnownFileType = sourcecode.swift; path = "XCTestCase+MemoryLeakTracking.swift"; sourceTree = "<group>"; };
		C96209372A797BEC00809D51 /* SharedTestHelpers.swift */ = {isa = PBXFileReference; lastKnownFileType = sourcecode.swift; path = SharedTestHelpers.swift; sourceTree = "<group>"; };
		C97C29272A87C8C200CBCAA9 /* CombineHelpers.swift */ = {isa = PBXFileReference; lastKnownFileType = sourcecode.swift; path = CombineHelpers.swift; sourceTree = "<group>"; };
		C98BA8F32A7F9A48007DACB8 /* SceneDelegateTests.swift */ = {isa = PBXFileReference; lastKnownFileType = sourcecode.swift; path = SceneDelegateTests.swift; sourceTree = "<group>"; };
		C98BA8F72A7F9C5C007DACB8 /* LoadResourcePresentationAdapter.swift */ = {isa = PBXFileReference; lastKnownFileType = sourcecode.swift; path = LoadResourcePresentationAdapter.swift; sourceTree = "<group>"; };
		C98BA8F92A7F9C63007DACB8 /* FeedUIComposer.swift */ = {isa = PBXFileReference; lastKnownFileType = sourcecode.swift; path = FeedUIComposer.swift; sourceTree = "<group>"; };
		C98BA8FB2A7F9C6B007DACB8 /* FeedViewAdapter.swift */ = {isa = PBXFileReference; lastKnownFileType = sourcecode.swift; path = FeedViewAdapter.swift; sourceTree = "<group>"; };
		C98BA8FF2A7F9CFB007DACB8 /* WeakRefVirtualProxy.swift */ = {isa = PBXFileReference; lastKnownFileType = sourcecode.swift; path = WeakRefVirtualProxy.swift; sourceTree = "<group>"; };
		C98BA9012A7F9D21007DACB8 /* FeedUIIntegrationTests.swift */ = {isa = PBXFileReference; lastKnownFileType = sourcecode.swift; path = FeedUIIntegrationTests.swift; sourceTree = "<group>"; };
		C98BA9032A7F9D48007DACB8 /* UIImage+TestHelpers.swift */ = {isa = PBXFileReference; lastKnownFileType = sourcecode.swift; path = "UIImage+TestHelpers.swift"; sourceTree = "<group>"; };
		C98BA9042A7F9D48007DACB8 /* ListViewController+TestHelpers.swift */ = {isa = PBXFileReference; lastKnownFileType = sourcecode.swift; path = "ListViewController+TestHelpers.swift"; sourceTree = "<group>"; };
		C98BA9052A7F9D49007DACB8 /* UIRefreshControl+TestHelpers.swift */ = {isa = PBXFileReference; lastKnownFileType = sourcecode.swift; path = "UIRefreshControl+TestHelpers.swift"; sourceTree = "<group>"; };
		C98BA9062A7F9D49007DACB8 /* UIButton+TestHelpers.swift */ = {isa = PBXFileReference; lastKnownFileType = sourcecode.swift; path = "UIButton+TestHelpers.swift"; sourceTree = "<group>"; };
		C98BA9082A7F9D49007DACB8 /* FeedUIIntegrationTests+Assertions.swift */ = {isa = PBXFileReference; lastKnownFileType = sourcecode.swift; path = "FeedUIIntegrationTests+Assertions.swift"; sourceTree = "<group>"; };
		C98BA9092A7F9D49007DACB8 /* FeedImageCell+TestHelpers.swift */ = {isa = PBXFileReference; lastKnownFileType = sourcecode.swift; path = "FeedImageCell+TestHelpers.swift"; sourceTree = "<group>"; };
		C98BA90A2A7F9D49007DACB8 /* FeedUIIntegrationTests+LoaderSpy.swift */ = {isa = PBXFileReference; lastKnownFileType = sourcecode.swift; path = "FeedUIIntegrationTests+LoaderSpy.swift"; sourceTree = "<group>"; };
		C98BA90B2A7F9D49007DACB8 /* UIControl+TestHelpers.swift */ = {isa = PBXFileReference; lastKnownFileType = sourcecode.swift; path = "UIControl+TestHelpers.swift"; sourceTree = "<group>"; };
		C98BA9152A7FA6EF007DACB8 /* FeedAcceptanceTests.swift */ = {isa = PBXFileReference; lastKnownFileType = sourcecode.swift; path = FeedAcceptanceTests.swift; sourceTree = "<group>"; };
		C98BA9172A7FB257007DACB8 /* HTTPClientStub.swift */ = {isa = PBXFileReference; lastKnownFileType = sourcecode.swift; path = HTTPClientStub.swift; sourceTree = "<group>"; };
		C98BA9192A7FB2A6007DACB8 /* InMemoryFeedStore.swift */ = {isa = PBXFileReference; lastKnownFileType = sourcecode.swift; path = InMemoryFeedStore.swift; sourceTree = "<group>"; };
		C9E4EF512AA4A75C00BC4F96 /* NullStore.swift */ = {isa = PBXFileReference; lastKnownFileType = sourcecode.swift; path = NullStore.swift; sourceTree = "<group>"; };
		C9EEAAD62A768F11001FB6C8 /* EssentialApp.app */ = {isa = PBXFileReference; explicitFileType = wrapper.application; includeInIndex = 0; path = EssentialApp.app; sourceTree = BUILT_PRODUCTS_DIR; };
		C9EEAAD92A768F11001FB6C8 /* AppDelegate.swift */ = {isa = PBXFileReference; lastKnownFileType = sourcecode.swift; path = AppDelegate.swift; sourceTree = "<group>"; };
		C9EEAADB2A768F11001FB6C8 /* SceneDelegate.swift */ = {isa = PBXFileReference; lastKnownFileType = sourcecode.swift; path = SceneDelegate.swift; sourceTree = "<group>"; };
		C9EEAADD2A768F11001FB6C8 /* ViewController.swift */ = {isa = PBXFileReference; lastKnownFileType = sourcecode.swift; path = ViewController.swift; sourceTree = "<group>"; };
		C9EEAAE22A768F13001FB6C8 /* Assets.xcassets */ = {isa = PBXFileReference; lastKnownFileType = folder.assetcatalog; path = Assets.xcassets; sourceTree = "<group>"; };
		C9EEAAE52A768F13001FB6C8 /* Base */ = {isa = PBXFileReference; lastKnownFileType = file.storyboard; name = Base; path = Base.lproj/LaunchScreen.storyboard; sourceTree = "<group>"; };
		C9EEAAE72A768F13001FB6C8 /* Info.plist */ = {isa = PBXFileReference; lastKnownFileType = text.plist.xml; path = Info.plist; sourceTree = "<group>"; };
		C9EEAAEE2A768FC8001FB6C8 /* EssentialFeed.framework */ = {isa = PBXFileReference; explicitFileType = wrapper.framework; path = EssentialFeed.framework; sourceTree = BUILT_PRODUCTS_DIR; };
		C9EEAAEF2A768FC8001FB6C8 /* EssentialFeediOS.framework */ = {isa = PBXFileReference; explicitFileType = wrapper.framework; path = EssentialFeediOS.framework; sourceTree = BUILT_PRODUCTS_DIR; };
		C9EFECDC2A7CC14F00D5AB5E /* TestPlans */ = {isa = PBXFileReference; lastKnownFileType = folder; path = TestPlans; sourceTree = "<group>"; };
/* End PBXFileReference section */

/* Begin PBXFrameworksBuildPhase section */
		C96209202A79564C00809D51 /* Frameworks */ = {
			isa = PBXFrameworksBuildPhase;
			buildActionMask = 2147483647;
			files = (
			);
			runOnlyForDeploymentPostprocessing = 0;
		};
		C9EEAAD32A768F11001FB6C8 /* Frameworks */ = {
			isa = PBXFrameworksBuildPhase;
			buildActionMask = 2147483647;
			files = (
				C9EEAAF02A768FC8001FB6C8 /* EssentialFeed.framework in Frameworks */,
				C9EEAAF22A768FC8001FB6C8 /* EssentialFeediOS.framework in Frameworks */,
			);
			runOnlyForDeploymentPostprocessing = 0;
		};
/* End PBXFrameworksBuildPhase section */

/* Begin PBXGroup section */
		C96209242A79564C00809D51 /* EssentialAppTests */ = {
			isa = PBXGroup;
			children = (
				C98BA9152A7FA6EF007DACB8 /* FeedAcceptanceTests.swift */,
				C98BA9012A7F9D21007DACB8 /* FeedUIIntegrationTests.swift */,
				C98BA8F32A7F9A48007DACB8 /* SceneDelegateTests.swift */,
				C96209342A797B7400809D51 /* Helpers */,
				C94B8C4A2A9A21D1008D3033 /* CommentsUIIntegrationTests.swift */,
			);
			path = EssentialAppTests;
			sourceTree = "<group>";
		};
		C96209342A797B7400809D51 /* Helpers */ = {
			isa = PBXGroup;
			children = (
				C98BA9092A7F9D49007DACB8 /* FeedImageCell+TestHelpers.swift */,
				C98BA9082A7F9D49007DACB8 /* FeedUIIntegrationTests+Assertions.swift */,
				C98BA90A2A7F9D49007DACB8 /* FeedUIIntegrationTests+LoaderSpy.swift */,
				C98BA9172A7FB257007DACB8 /* HTTPClientStub.swift */,
				C98BA9192A7FB2A6007DACB8 /* InMemoryFeedStore.swift */,
				C98BA9042A7F9D48007DACB8 /* ListViewController+TestHelpers.swift */,
				C96209372A797BEC00809D51 /* SharedTestHelpers.swift */,
				C98BA9062A7F9D49007DACB8 /* UIButton+TestHelpers.swift */,
				C98BA90B2A7F9D49007DACB8 /* UIControl+TestHelpers.swift */,
				C98BA9032A7F9D48007DACB8 /* UIImage+TestHelpers.swift */,
				C98BA9052A7F9D49007DACB8 /* UIRefreshControl+TestHelpers.swift */,
				C95617AD2A82BF8B00CE9B7F /* UIView+TestHelpers.swift */,
				C96209352A797B8A00809D51 /* XCTestCase+MemoryLeakTracking.swift */,
			);
			path = Helpers;
			sourceTree = "<group>";
		};
		C9EEAACD2A768F11001FB6C8 = {
			isa = PBXGroup;
			children = (
				C9EFECDC2A7CC14F00D5AB5E /* TestPlans */,
				C9EEAAD82A768F11001FB6C8 /* EssentialApp */,
				C96209242A79564C00809D51 /* EssentialAppTests */,
				C9EEAAD72A768F11001FB6C8 /* Products */,
				C9EEAAED2A768FC8001FB6C8 /* Frameworks */,
			);
			sourceTree = "<group>";
		};
		C9EEAAD72A768F11001FB6C8 /* Products */ = {
			isa = PBXGroup;
			children = (
				C9EEAAD62A768F11001FB6C8 /* EssentialApp.app */,
				C96209232A79564C00809D51 /* EssentialAppTests.xctest */,
			);
			name = Products;
			sourceTree = "<group>";
		};
		C9EEAAD82A768F11001FB6C8 /* EssentialApp */ = {
			isa = PBXGroup;
			children = (
				C9EEAAE72A768F13001FB6C8 /* Info.plist */,
				C9EEAAD92A768F11001FB6C8 /* AppDelegate.swift */,
				C97C29272A87C8C200CBCAA9 /* CombineHelpers.swift */,
				C94B8C4C2A9A23CC008D3033 /* CommentsUIComposer.swift */,
				C98BA8F92A7F9C63007DACB8 /* FeedUIComposer.swift */,
				C98BA8FB2A7F9C6B007DACB8 /* FeedViewAdapter.swift */,
				C98BA8F72A7F9C5C007DACB8 /* LoadResourcePresentationAdapter.swift */,
				C9EEAADB2A768F11001FB6C8 /* SceneDelegate.swift */,
				C9EEAADD2A768F11001FB6C8 /* ViewController.swift */,
				C98BA8FF2A7F9CFB007DACB8 /* WeakRefVirtualProxy.swift */,
				C9EEAAE22A768F13001FB6C8 /* Assets.xcassets */,
				C9EEAAE42A768F13001FB6C8 /* LaunchScreen.storyboard */,
				C9E4EF512AA4A75C00BC4F96 /* NullStore.swift */,
			);
			path = EssentialApp;
			sourceTree = "<group>";
		};
		C9EEAAED2A768FC8001FB6C8 /* Frameworks */ = {
			isa = PBXGroup;
			children = (
				C9EEAAEE2A768FC8001FB6C8 /* EssentialFeed.framework */,
				C9EEAAEF2A768FC8001FB6C8 /* EssentialFeediOS.framework */,
			);
			name = Frameworks;
			sourceTree = "<group>";
		};
/* End PBXGroup section */

/* Begin PBXNativeTarget section */
		C96209222A79564C00809D51 /* EssentialAppTests */ = {
			isa = PBXNativeTarget;
			buildConfigurationList = C962092B2A79564D00809D51 /* Build configuration list for PBXNativeTarget "EssentialAppTests" */;
			buildPhases = (
				C962091F2A79564C00809D51 /* Sources */,
				C96209202A79564C00809D51 /* Frameworks */,
				C96209212A79564C00809D51 /* Resources */,
			);
			buildRules = (
			);
			dependencies = (
				C96209282A79564C00809D51 /* PBXTargetDependency */,
			);
			name = EssentialAppTests;
			productName = EssentialAppTests;
			productReference = C96209232A79564C00809D51 /* EssentialAppTests.xctest */;
			productType = "com.apple.product-type.bundle.unit-test";
		};
		C9EEAAD52A768F11001FB6C8 /* EssentialApp */ = {
			isa = PBXNativeTarget;
			buildConfigurationList = C9EEAAEA2A768F13001FB6C8 /* Build configuration list for PBXNativeTarget "EssentialApp" */;
			buildPhases = (
				C9EEAAD22A768F11001FB6C8 /* Sources */,
				C9EEAAD32A768F11001FB6C8 /* Frameworks */,
				C9EEAAD42A768F11001FB6C8 /* Resources */,
				C9EEAAF42A768FC8001FB6C8 /* Embed Frameworks */,
			);
			buildRules = (
			);
			dependencies = (
			);
			name = EssentialApp;
			productName = EssentialApp;
			productReference = C9EEAAD62A768F11001FB6C8 /* EssentialApp.app */;
			productType = "com.apple.product-type.application";
		};
/* End PBXNativeTarget section */

/* Begin PBXProject section */
		C9EEAACE2A768F11001FB6C8 /* Project object */ = {
			isa = PBXProject;
			attributes = {
				BuildIndependentTargetsInParallel = 1;
				LastSwiftUpdateCheck = 1430;
				LastUpgradeCheck = 1430;
				TargetAttributes = {
					C96209222A79564C00809D51 = {
						CreatedOnToolsVersion = 14.3.1;
						LastSwiftMigration = 1430;
						TestTargetID = C9EEAAD52A768F11001FB6C8;
					};
					C9EEAAD52A768F11001FB6C8 = {
						CreatedOnToolsVersion = 14.3.1;
					};
				};
			};
			buildConfigurationList = C9EEAAD12A768F11001FB6C8 /* Build configuration list for PBXProject "EssentialApp" */;
			compatibilityVersion = "Xcode 14.0";
			developmentRegion = en;
			hasScannedForEncodings = 0;
			knownRegions = (
				en,
				Base,
			);
			mainGroup = C9EEAACD2A768F11001FB6C8;
			productRefGroup = C9EEAAD72A768F11001FB6C8 /* Products */;
			projectDirPath = "";
			projectRoot = "";
			targets = (
				C9EEAAD52A768F11001FB6C8 /* EssentialApp */,
				C96209222A79564C00809D51 /* EssentialAppTests */,
			);
		};
/* End PBXProject section */

/* Begin PBXResourcesBuildPhase section */
		C96209212A79564C00809D51 /* Resources */ = {
			isa = PBXResourcesBuildPhase;
			buildActionMask = 2147483647;
			files = (
			);
			runOnlyForDeploymentPostprocessing = 0;
		};
		C9EEAAD42A768F11001FB6C8 /* Resources */ = {
			isa = PBXResourcesBuildPhase;
			buildActionMask = 2147483647;
			files = (
				C9EEAAE62A768F13001FB6C8 /* LaunchScreen.storyboard in Resources */,
				C9EEAAE32A768F13001FB6C8 /* Assets.xcassets in Resources */,
				C9EFECDD2A7CC14F00D5AB5E /* TestPlans in Resources */,
			);
			runOnlyForDeploymentPostprocessing = 0;
		};
/* End PBXResourcesBuildPhase section */

/* Begin PBXSourcesBuildPhase section */
		C962091F2A79564C00809D51 /* Sources */ = {
			isa = PBXSourcesBuildPhase;
			buildActionMask = 2147483647;
			files = (
				C96209382A797BEC00809D51 /* SharedTestHelpers.swift in Sources */,
				C98BA9132A7F9D4A007DACB8 /* UIControl+TestHelpers.swift in Sources */,
				C94B8C4B2A9A21D1008D3033 /* CommentsUIIntegrationTests.swift in Sources */,
				C98BA9112A7F9D4A007DACB8 /* ListViewController+TestHelpers.swift in Sources */,
				C98BA9022A7F9D21007DACB8 /* FeedUIIntegrationTests.swift in Sources */,
				C98BA9122A7F9D4A007DACB8 /* FeedUIIntegrationTests+Assertions.swift in Sources */,
				C98BA8F42A7F9A48007DACB8 /* SceneDelegateTests.swift in Sources */,
				C98BA91A2A7FB2A6007DACB8 /* InMemoryFeedStore.swift in Sources */,
				C98BA90E2A7F9D4A007DACB8 /* UIImage+TestHelpers.swift in Sources */,
				C98BA90C2A7F9D4A007DACB8 /* FeedUIIntegrationTests+LoaderSpy.swift in Sources */,
				C98BA9182A7FB257007DACB8 /* HTTPClientStub.swift in Sources */,
				C98BA90D2A7F9D4A007DACB8 /* UIRefreshControl+TestHelpers.swift in Sources */,
				C95617AE2A82BF8B00CE9B7F /* UIView+TestHelpers.swift in Sources */,
				C98BA9102A7F9D4A007DACB8 /* FeedImageCell+TestHelpers.swift in Sources */,
				C98BA90F2A7F9D4A007DACB8 /* UIButton+TestHelpers.swift in Sources */,
				C98BA9162A7FA6EF007DACB8 /* FeedAcceptanceTests.swift in Sources */,
				C96209362A797B8A00809D51 /* XCTestCase+MemoryLeakTracking.swift in Sources */,
			);
			runOnlyForDeploymentPostprocessing = 0;
		};
		C9EEAAD22A768F11001FB6C8 /* Sources */ = {
			isa = PBXSourcesBuildPhase;
			buildActionMask = 2147483647;
			files = (
				C9EEAADE2A768F11001FB6C8 /* ViewController.swift in Sources */,
				C9EEAADA2A768F11001FB6C8 /* AppDelegate.swift in Sources */,
				C9E4EF522AA4A75C00BC4F96 /* NullStore.swift in Sources */,
				C97C29282A87C8C200CBCAA9 /* CombineHelpers.swift in Sources */,
				C98BA8FC2A7F9C6B007DACB8 /* FeedViewAdapter.swift in Sources */,
				C94B8C4D2A9A23CC008D3033 /* CommentsUIComposer.swift in Sources */,
				C9EEAADC2A768F11001FB6C8 /* SceneDelegate.swift in Sources */,
				C98BA8F82A7F9C5C007DACB8 /* LoadResourcePresentationAdapter.swift in Sources */,
				C98BA8FA2A7F9C63007DACB8 /* FeedUIComposer.swift in Sources */,
				C98BA9002A7F9CFB007DACB8 /* WeakRefVirtualProxy.swift in Sources */,
			);
			runOnlyForDeploymentPostprocessing = 0;
		};
/* End PBXSourcesBuildPhase section */

/* Begin PBXTargetDependency section */
		C96209282A79564C00809D51 /* PBXTargetDependency */ = {
			isa = PBXTargetDependency;
			target = C9EEAAD52A768F11001FB6C8 /* EssentialApp */;
			targetProxy = C96209272A79564C00809D51 /* PBXContainerItemProxy */;
		};
/* End PBXTargetDependency section */

/* Begin PBXVariantGroup section */
		C9EEAAE42A768F13001FB6C8 /* LaunchScreen.storyboard */ = {
			isa = PBXVariantGroup;
			children = (
				C9EEAAE52A768F13001FB6C8 /* Base */,
			);
			name = LaunchScreen.storyboard;
			sourceTree = "<group>";
		};
/* End PBXVariantGroup section */

/* Begin XCBuildConfiguration section */
		C96209292A79564C00809D51 /* Debug */ = {
			isa = XCBuildConfiguration;
			buildSettings = {
				BUNDLE_LOADER = "$(TEST_HOST)";
				CLANG_ENABLE_MODULES = YES;
				CODE_SIGN_STYLE = Automatic;
				CURRENT_PROJECT_VERSION = 1;
				GENERATE_INFOPLIST_FILE = YES;
				MARKETING_VERSION = 1.0;
				PRODUCT_BUNDLE_IDENTIFIER = me.vishaldeep.EssentialAppTests;
				PRODUCT_NAME = "$(TARGET_NAME)";
				SWIFT_EMIT_LOC_STRINGS = NO;
				SWIFT_OPTIMIZATION_LEVEL = "-Onone";
				SWIFT_VERSION = 5.0;
				TARGETED_DEVICE_FAMILY = "1,2";
				TEST_HOST = "$(BUILT_PRODUCTS_DIR)/EssentialApp.app/$(BUNDLE_EXECUTABLE_FOLDER_PATH)/EssentialApp";
			};
			name = Debug;
		};
		C962092A2A79564C00809D51 /* Release */ = {
			isa = XCBuildConfiguration;
			buildSettings = {
				BUNDLE_LOADER = "$(TEST_HOST)";
				CLANG_ENABLE_MODULES = YES;
				CODE_SIGN_STYLE = Automatic;
				CURRENT_PROJECT_VERSION = 1;
				GENERATE_INFOPLIST_FILE = YES;
				MARKETING_VERSION = 1.0;
				PRODUCT_BUNDLE_IDENTIFIER = me.vishaldeep.EssentialAppTests;
				PRODUCT_NAME = "$(TARGET_NAME)";
				SWIFT_EMIT_LOC_STRINGS = NO;
				SWIFT_VERSION = 5.0;
				TARGETED_DEVICE_FAMILY = "1,2";
				TEST_HOST = "$(BUILT_PRODUCTS_DIR)/EssentialApp.app/$(BUNDLE_EXECUTABLE_FOLDER_PATH)/EssentialApp";
			};
			name = Release;
		};
		C9EEAAE82A768F13001FB6C8 /* Debug */ = {
			isa = XCBuildConfiguration;
			buildSettings = {
				ALWAYS_SEARCH_USER_PATHS = NO;
				CLANG_ANALYZER_NONNULL = YES;
				CLANG_ANALYZER_NUMBER_OBJECT_CONVERSION = YES_AGGRESSIVE;
				CLANG_CXX_LANGUAGE_STANDARD = "gnu++20";
				CLANG_ENABLE_MODULES = YES;
				CLANG_ENABLE_OBJC_ARC = YES;
				CLANG_ENABLE_OBJC_WEAK = YES;
				CLANG_WARN_BLOCK_CAPTURE_AUTORELEASING = YES;
				CLANG_WARN_BOOL_CONVERSION = YES;
				CLANG_WARN_COMMA = YES;
				CLANG_WARN_CONSTANT_CONVERSION = YES;
				CLANG_WARN_DEPRECATED_OBJC_IMPLEMENTATIONS = YES;
				CLANG_WARN_DIRECT_OBJC_ISA_USAGE = YES_ERROR;
				CLANG_WARN_DOCUMENTATION_COMMENTS = YES;
				CLANG_WARN_EMPTY_BODY = YES;
				CLANG_WARN_ENUM_CONVERSION = YES;
				CLANG_WARN_INFINITE_RECURSION = YES;
				CLANG_WARN_INT_CONVERSION = YES;
				CLANG_WARN_NON_LITERAL_NULL_CONVERSION = YES;
				CLANG_WARN_OBJC_IMPLICIT_RETAIN_SELF = YES;
				CLANG_WARN_OBJC_LITERAL_CONVERSION = YES;
				CLANG_WARN_OBJC_ROOT_CLASS = YES_ERROR;
				CLANG_WARN_QUOTED_INCLUDE_IN_FRAMEWORK_HEADER = YES;
				CLANG_WARN_RANGE_LOOP_ANALYSIS = YES;
				CLANG_WARN_STRICT_PROTOTYPES = YES;
				CLANG_WARN_SUSPICIOUS_MOVE = YES;
				CLANG_WARN_UNGUARDED_AVAILABILITY = YES_AGGRESSIVE;
				CLANG_WARN_UNREACHABLE_CODE = YES;
				CLANG_WARN__DUPLICATE_METHOD_MATCH = YES;
				COPY_PHASE_STRIP = NO;
				DEBUG_INFORMATION_FORMAT = dwarf;
				ENABLE_STRICT_OBJC_MSGSEND = YES;
				ENABLE_TESTABILITY = YES;
				GCC_C_LANGUAGE_STANDARD = gnu11;
				GCC_DYNAMIC_NO_PIC = NO;
				GCC_NO_COMMON_BLOCKS = YES;
				GCC_OPTIMIZATION_LEVEL = 0;
				GCC_PREPROCESSOR_DEFINITIONS = (
					"DEBUG=1",
					"$(inherited)",
				);
				GCC_WARN_64_TO_32_BIT_CONVERSION = YES;
				GCC_WARN_ABOUT_RETURN_TYPE = YES_ERROR;
				GCC_WARN_UNDECLARED_SELECTOR = YES;
				GCC_WARN_UNINITIALIZED_AUTOS = YES_AGGRESSIVE;
				GCC_WARN_UNUSED_FUNCTION = YES;
				GCC_WARN_UNUSED_VARIABLE = YES;
				IPHONEOS_DEPLOYMENT_TARGET = 16.4;
				MTL_ENABLE_DEBUG_INFO = INCLUDE_SOURCE;
				MTL_FAST_MATH = YES;
				ONLY_ACTIVE_ARCH = YES;
				SDKROOT = iphoneos;
				SWIFT_ACTIVE_COMPILATION_CONDITIONS = DEBUG;
				SWIFT_OPTIMIZATION_LEVEL = "-Onone";
			};
			name = Debug;
		};
		C9EEAAE92A768F13001FB6C8 /* Release */ = {
			isa = XCBuildConfiguration;
			buildSettings = {
				ALWAYS_SEARCH_USER_PATHS = NO;
				CLANG_ANALYZER_NONNULL = YES;
				CLANG_ANALYZER_NUMBER_OBJECT_CONVERSION = YES_AGGRESSIVE;
				CLANG_CXX_LANGUAGE_STANDARD = "gnu++20";
				CLANG_ENABLE_MODULES = YES;
				CLANG_ENABLE_OBJC_ARC = YES;
				CLANG_ENABLE_OBJC_WEAK = YES;
				CLANG_WARN_BLOCK_CAPTURE_AUTORELEASING = YES;
				CLANG_WARN_BOOL_CONVERSION = YES;
				CLANG_WARN_COMMA = YES;
				CLANG_WARN_CONSTANT_CONVERSION = YES;
				CLANG_WARN_DEPRECATED_OBJC_IMPLEMENTATIONS = YES;
				CLANG_WARN_DIRECT_OBJC_ISA_USAGE = YES_ERROR;
				CLANG_WARN_DOCUMENTATION_COMMENTS = YES;
				CLANG_WARN_EMPTY_BODY = YES;
				CLANG_WARN_ENUM_CONVERSION = YES;
				CLANG_WARN_INFINITE_RECURSION = YES;
				CLANG_WARN_INT_CONVERSION = YES;
				CLANG_WARN_NON_LITERAL_NULL_CONVERSION = YES;
				CLANG_WARN_OBJC_IMPLICIT_RETAIN_SELF = YES;
				CLANG_WARN_OBJC_LITERAL_CONVERSION = YES;
				CLANG_WARN_OBJC_ROOT_CLASS = YES_ERROR;
				CLANG_WARN_QUOTED_INCLUDE_IN_FRAMEWORK_HEADER = YES;
				CLANG_WARN_RANGE_LOOP_ANALYSIS = YES;
				CLANG_WARN_STRICT_PROTOTYPES = YES;
				CLANG_WARN_SUSPICIOUS_MOVE = YES;
				CLANG_WARN_UNGUARDED_AVAILABILITY = YES_AGGRESSIVE;
				CLANG_WARN_UNREACHABLE_CODE = YES;
				CLANG_WARN__DUPLICATE_METHOD_MATCH = YES;
				COPY_PHASE_STRIP = NO;
				DEBUG_INFORMATION_FORMAT = "dwarf-with-dsym";
				ENABLE_NS_ASSERTIONS = NO;
				ENABLE_STRICT_OBJC_MSGSEND = YES;
				GCC_C_LANGUAGE_STANDARD = gnu11;
				GCC_NO_COMMON_BLOCKS = YES;
				GCC_WARN_64_TO_32_BIT_CONVERSION = YES;
				GCC_WARN_ABOUT_RETURN_TYPE = YES_ERROR;
				GCC_WARN_UNDECLARED_SELECTOR = YES;
				GCC_WARN_UNINITIALIZED_AUTOS = YES_AGGRESSIVE;
				GCC_WARN_UNUSED_FUNCTION = YES;
				GCC_WARN_UNUSED_VARIABLE = YES;
				IPHONEOS_DEPLOYMENT_TARGET = 16.4;
				MTL_ENABLE_DEBUG_INFO = NO;
				MTL_FAST_MATH = YES;
				SDKROOT = iphoneos;
				SWIFT_COMPILATION_MODE = wholemodule;
				SWIFT_OPTIMIZATION_LEVEL = "-O";
				VALIDATE_PRODUCT = YES;
			};
			name = Release;
		};
		C9EEAAEB2A768F13001FB6C8 /* Debug */ = {
			isa = XCBuildConfiguration;
			buildSettings = {
				ASSETCATALOG_COMPILER_APPICON_NAME = AppIcon;
				ASSETCATALOG_COMPILER_GLOBAL_ACCENT_COLOR_NAME = AccentColor;
				CODE_SIGN_STYLE = Automatic;
				CURRENT_PROJECT_VERSION = 1;
				GENERATE_INFOPLIST_FILE = YES;
				INFOPLIST_FILE = EssentialApp/Info.plist;
				INFOPLIST_KEY_UIApplicationSupportsIndirectInputEvents = YES;
				INFOPLIST_KEY_UILaunchStoryboardName = LaunchScreen;
				INFOPLIST_KEY_UISupportedInterfaceOrientations = UIInterfaceOrientationPortrait;
				INFOPLIST_KEY_UISupportedInterfaceOrientations_iPad = "UIInterfaceOrientationPortrait UIInterfaceOrientationPortraitUpsideDown";
				LD_RUNPATH_SEARCH_PATHS = (
					"$(inherited)",
					"@executable_path/Frameworks",
				);
				MARKETING_VERSION = 1.0;
				PRODUCT_BUNDLE_IDENTIFIER = me.vishaldeep.EssentialApp;
				PRODUCT_NAME = "$(TARGET_NAME)";
				SWIFT_EMIT_LOC_STRINGS = YES;
				SWIFT_VERSION = 5.0;
				TARGETED_DEVICE_FAMILY = "1,2";
			};
			name = Debug;
		};
		C9EEAAEC2A768F13001FB6C8 /* Release */ = {
			isa = XCBuildConfiguration;
			buildSettings = {
				ASSETCATALOG_COMPILER_APPICON_NAME = AppIcon;
				ASSETCATALOG_COMPILER_GLOBAL_ACCENT_COLOR_NAME = AccentColor;
				CODE_SIGN_STYLE = Automatic;
				CURRENT_PROJECT_VERSION = 1;
				GENERATE_INFOPLIST_FILE = YES;
				INFOPLIST_FILE = EssentialApp/Info.plist;
				INFOPLIST_KEY_UIApplicationSupportsIndirectInputEvents = YES;
				INFOPLIST_KEY_UILaunchStoryboardName = LaunchScreen;
				INFOPLIST_KEY_UISupportedInterfaceOrientations = UIInterfaceOrientationPortrait;
				INFOPLIST_KEY_UISupportedInterfaceOrientations_iPad = "UIInterfaceOrientationPortrait UIInterfaceOrientationPortraitUpsideDown";
				LD_RUNPATH_SEARCH_PATHS = (
					"$(inherited)",
					"@executable_path/Frameworks",
				);
				MARKETING_VERSION = 1.0;
				PRODUCT_BUNDLE_IDENTIFIER = me.vishaldeep.EssentialApp;
				PRODUCT_NAME = "$(TARGET_NAME)";
				SWIFT_EMIT_LOC_STRINGS = YES;
				SWIFT_VERSION = 5.0;
				TARGETED_DEVICE_FAMILY = "1,2";
			};
			name = Release;
		};
/* End XCBuildConfiguration section */

/* Begin XCConfigurationList section */
		C962092B2A79564D00809D51 /* Build configuration list for PBXNativeTarget "EssentialAppTests" */ = {
			isa = XCConfigurationList;
			buildConfigurations = (
				C96209292A79564C00809D51 /* Debug */,
				C962092A2A79564C00809D51 /* Release */,
			);
			defaultConfigurationIsVisible = 0;
			defaultConfigurationName = Release;
		};
		C9EEAAD12A768F11001FB6C8 /* Build configuration list for PBXProject "EssentialApp" */ = {
			isa = XCConfigurationList;
			buildConfigurations = (
				C9EEAAE82A768F13001FB6C8 /* Debug */,
				C9EEAAE92A768F13001FB6C8 /* Release */,
			);
			defaultConfigurationIsVisible = 0;
			defaultConfigurationName = Release;
		};
		C9EEAAEA2A768F13001FB6C8 /* Build configuration list for PBXNativeTarget "EssentialApp" */ = {
			isa = XCConfigurationList;
			buildConfigurations = (
				C9EEAAEB2A768F13001FB6C8 /* Debug */,
				C9EEAAEC2A768F13001FB6C8 /* Release */,
			);
			defaultConfigurationIsVisible = 0;
			defaultConfigurationName = Release;
		};
/* End XCConfigurationList section */
	};
	rootObject = C9EEAACE2A768F11001FB6C8 /* Project object */;
}
